
Microsoft Visual Studio Solution File, Format Version 12.00
# Visual Studio Version 16
VisualStudioVersion = 16.0.29009.5
MinimumVisualStudioVersion = 10.0.40219.1
Project("{FAE04EC0-301F-11D3-BF4B-00C04F79EFBC}") = "ogrenci_dosyaIslemleri", "ogrenci_dosyaIslemleri\ogrenci_dosyaIslemleri.csproj", "{EFD5003B-A059-4F50-A738-094985217040}"
EndProject
Global
	GlobalSection(SolutionConfigurationPlatforms) = preSolution
		Debug|Any CPU = Debug|Any CPU
		Release|Any CPU = Release|Any CPU
	EndGlobalSection
	GlobalSection(ProjectConfigurationPlatforms) = postSolution
		{EFD5003B-A059-4F50-A738-094985217040}.Debug|Any CPU.ActiveCfg = Debug|Any CPU
		{EFD5003B-A059-4F50-A738-094985217040}.Debug|Any CPU.Build.0 = Debug|Any CPU
		{EFD5003B-A059-4F50-A738-094985217040}.Release|Any CPU.ActiveCfg = Release|Any CPU
		{EFD5003B-A059-4F50-A738-094985217040}.Release|Any CPU.Build.0 = Release|Any CPU
	EndGlobalSection
	GlobalSection(SolutionProperties) = preSolution
		HideSolutionNode = FALSE
	EndGlobalSection
	GlobalSection(ExtensibilityGlobals) = postSolution
		SolutionGuid = {97296823-B8D7-42BC-801A-2B34A74F5ED9}
	EndGlobalSection
EndGlobal
